// !$*UTF8*$!
{
	archiveVersion = 1;
	classes = {
	};
	objectVersion = 56;
	objects = {

/* Begin PBXBuildFile section */
		5FEA72C82C63B3B60063831D /* CombineBasicsApp.swift in Sources */ = {isa = PBXBuildFile; fileRef = 5FEA72C72C63B3B60063831D /* CombineBasicsApp.swift */; };
		5FEA72CA2C63B3B60063831D /* CombineBasicsView.swift in Sources */ = {isa = PBXBuildFile; fileRef = 5FEA72C92C63B3B60063831D /* CombineBasicsView.swift */; };
		5FEA72CC2C63B3B90063831D /* Assets.xcassets in Resources */ = {isa = PBXBuildFile; fileRef = 5FEA72CB2C63B3B90063831D /* Assets.xcassets */; };
		5FEA72CF2C63B3B90063831D /* Preview Assets.xcassets in Resources */ = {isa = PBXBuildFile; fileRef = 5FEA72CE2C63B3B90063831D /* Preview Assets.xcassets */; };
		5FEA72D92C63B3BA0063831D /* CombineBasicsTests.swift in Sources */ = {isa = PBXBuildFile; fileRef = 5FEA72D82C63B3BA0063831D /* CombineBasicsTests.swift */; };
		5FEA72E32C63B3BA0063831D /* CombineBasicsUITests.swift in Sources */ = {isa = PBXBuildFile; fileRef = 5FEA72E22C63B3BA0063831D /* CombineBasicsUITests.swift */; };
		5FEA72E52C63B3BA0063831D /* CombineBasicsUITestsLaunchTests.swift in Sources */ = {isa = PBXBuildFile; fileRef = 5FEA72E42C63B3BA0063831D /* CombineBasicsUITestsLaunchTests.swift */; };
		5FEA72F22C63B6910063831D /* CombineBasicsViewModel.swift in Sources */ = {isa = PBXBuildFile; fileRef = 5FEA72F12C63B6910063831D /* CombineBasicsViewModel.swift */; };
		5FEA72F72C63BFC80063831D /* PasswordError.swift in Sources */ = {isa = PBXBuildFile; fileRef = 5FEA72F62C63BFC80063831D /* PasswordError.swift */; };
		5FEA72F92C63C1090063831D /* UsernameError.swift in Sources */ = {isa = PBXBuildFile; fileRef = 5FEA72F82C63C1090063831D /* UsernameError.swift */; };
/* End PBXBuildFile section */

/* Begin PBXContainerItemProxy section */
		5FEA72D52C63B3BA0063831D /* PBXContainerItemProxy */ = {
			isa = PBXContainerItemProxy;
			containerPortal = 5FEA72BC2C63B3B50063831D /* Project object */;
			proxyType = 1;
			remoteGlobalIDString = 5FEA72C32C63B3B60063831D;
			remoteInfo = CombineBasics;
		};
		5FEA72DF2C63B3BA0063831D /* PBXContainerItemProxy */ = {
			isa = PBXContainerItemProxy;
			containerPortal = 5FEA72BC2C63B3B50063831D /* Project object */;
			proxyType = 1;
			remoteGlobalIDString = 5FEA72C32C63B3B60063831D;
			remoteInfo = CombineBasics;
		};
/* End PBXContainerItemProxy section */

/* Begin PBXFileReference section */
		5FEA72C42C63B3B60063831D /* CombineBasics.app */ = {isa = PBXFileReference; explicitFileType = wrapper.application; includeInIndex = 0; path = CombineBasics.app; sourceTree = BUILT_PRODUCTS_DIR; };
		5FEA72C72C63B3B60063831D /* CombineBasicsApp.swift */ = {isa = PBXFileReference; lastKnownFileType = sourcecode.swift; path = CombineBasicsApp.swift; sourceTree = "<group>"; };
		5FEA72C92C63B3B60063831D /* CombineBasicsView.swift */ = {isa = PBXFileReference; lastKnownFileType = sourcecode.swift; path = CombineBasicsView.swift; sourceTree = "<group>"; };
		5FEA72CB2C63B3B90063831D /* Assets.xcassets */ = {isa = PBXFileReference; lastKnownFileType = folder.assetcatalog; path = Assets.xcassets; sourceTree = "<group>"; };
		5FEA72CE2C63B3B90063831D /* Preview Assets.xcassets */ = {isa = PBXFileReference; lastKnownFileType = folder.assetcatalog; path = "Preview Assets.xcassets"; sourceTree = "<group>"; };
		5FEA72D42C63B3BA0063831D /* CombineBasicsTests.xctest */ = {isa = PBXFileReference; explicitFileType = wrapper.cfbundle; includeInIndex = 0; path = CombineBasicsTests.xctest; sourceTree = BUILT_PRODUCTS_DIR; };
		5FEA72D82C63B3BA0063831D /* CombineBasicsTests.swift */ = {isa = PBXFileReference; lastKnownFileType = sourcecode.swift; path = CombineBasicsTests.swift; sourceTree = "<group>"; };
		5FEA72DE2C63B3BA0063831D /* CombineBasicsUITests.xctest */ = {isa = PBXFileReference; explicitFileType = wrapper.cfbundle; includeInIndex = 0; path = CombineBasicsUITests.xctest; sourceTree = BUILT_PRODUCTS_DIR; };
		5FEA72E22C63B3BA0063831D /* CombineBasicsUITests.swift */ = {isa = PBXFileReference; lastKnownFileType = sourcecode.swift; path = CombineBasicsUITests.swift; sourceTree = "<group>"; };
		5FEA72E42C63B3BA0063831D /* CombineBasicsUITestsLaunchTests.swift */ = {isa = PBXFileReference; lastKnownFileType = sourcecode.swift; path = CombineBasicsUITestsLaunchTests.swift; sourceTree = "<group>"; };
		5FEA72F12C63B6910063831D /* CombineBasicsViewModel.swift */ = {isa = PBXFileReference; lastKnownFileType = sourcecode.swift; path = CombineBasicsViewModel.swift; sourceTree = "<group>"; };
		5FEA72F62C63BFC80063831D /* PasswordError.swift */ = {isa = PBXFileReference; lastKnownFileType = sourcecode.swift; path = PasswordError.swift; sourceTree = "<group>"; };
		5FEA72F82C63C1090063831D /* UsernameError.swift */ = {isa = PBXFileReference; lastKnownFileType = sourcecode.swift; path = UsernameError.swift; sourceTree = "<group>"; };
/* End PBXFileReference section */

/* Begin PBXFrameworksBuildPhase section */
		5FEA72C12C63B3B60063831D /* Frameworks */ = {
			isa = PBXFrameworksBuildPhase;
			buildActionMask = 2147483647;
			files = (
			);
			runOnlyForDeploymentPostprocessing = 0;
		};
		5FEA72D12C63B3BA0063831D /* Frameworks */ = {
			isa = PBXFrameworksBuildPhase;
			buildActionMask = 2147483647;
			files = (
			);
			runOnlyForDeploymentPostprocessing = 0;
		};
		5FEA72DB2C63B3BA0063831D /* Frameworks */ = {
			isa = PBXFrameworksBuildPhase;
			buildActionMask = 2147483647;
			files = (
			);
			runOnlyForDeploymentPostprocessing = 0;
		};
/* End PBXFrameworksBuildPhase section */

/* Begin PBXGroup section */
		5FEA72BB2C63B3B50063831D = {
			isa = PBXGroup;
			children = (
				5FEA72C62C63B3B60063831D /* CombineBasics */,
				5FEA72D72C63B3BA0063831D /* CombineBasicsTests */,
				5FEA72E12C63B3BA0063831D /* CombineBasicsUITests */,
				5FEA72C52C63B3B60063831D /* Products */,
			);
			sourceTree = "<group>";
		};
		5FEA72C52C63B3B60063831D /* Products */ = {
			isa = PBXGroup;
			children = (
				5FEA72C42C63B3B60063831D /* CombineBasics.app */,
				5FEA72D42C63B3BA0063831D /* CombineBasicsTests.xctest */,
				5FEA72DE2C63B3BA0063831D /* CombineBasicsUITests.xctest */,
			);
			name = Products;
			sourceTree = "<group>";
		};
		5FEA72C62C63B3B60063831D /* CombineBasics */ = {
			isa = PBXGroup;
			children = (
				5FEA72C72C63B3B60063831D /* CombineBasicsApp.swift */,
				5FEA72F32C63BFAC0063831D /* Model */,
				5FEA72F42C63BFB40063831D /* View */,
				5FEA72F52C63BFB70063831D /* ViewModel */,
				5FEA72CB2C63B3B90063831D /* Assets.xcassets */,
				5FEA72CD2C63B3B90063831D /* Preview Content */,
			);
			path = CombineBasics;
			sourceTree = "<group>";
		};
		5FEA72CD2C63B3B90063831D /* Preview Content */ = {
			isa = PBXGroup;
			children = (
				5FEA72CE2C63B3B90063831D /* Preview Assets.xcassets */,
			);
			path = "Preview Content";
			sourceTree = "<group>";
		};
		5FEA72D72C63B3BA0063831D /* CombineBasicsTests */ = {
			isa = PBXGroup;
			children = (
				5FEA72D82C63B3BA0063831D /* CombineBasicsTests.swift */,
			);
			path = CombineBasicsTests;
			sourceTree = "<group>";
		};
		5FEA72E12C63B3BA0063831D /* CombineBasicsUITests */ = {
			isa = PBXGroup;
			children = (
				5FEA72E22C63B3BA0063831D /* CombineBasicsUITests.swift */,
				5FEA72E42C63B3BA0063831D /* CombineBasicsUITestsLaunchTests.swift */,
			);
			path = CombineBasicsUITests;
			sourceTree = "<group>";
		};
		5FEA72F32C63BFAC0063831D /* Model */ = {
			isa = PBXGroup;
			children = (
				5FEA72F62C63BFC80063831D /* PasswordError.swift */,
				5FEA72F82C63C1090063831D /* UsernameError.swift */,
			);
			path = Model;
			sourceTree = "<group>";
		};
		5FEA72F42C63BFB40063831D /* View */ = {
			isa = PBXGroup;
			children = (
				5FEA72C92C63B3B60063831D /* CombineBasicsView.swift */,
			);
			path = View;
			sourceTree = "<group>";
		};
		5FEA72F52C63BFB70063831D /* ViewModel */ = {
			isa = PBXGroup;
			children = (
				5FEA72F12C63B6910063831D /* CombineBasicsViewModel.swift */,
			);
			path = ViewModel;
			sourceTree = "<group>";
		};
/* End PBXGroup section */

/* Begin PBXNativeTarget section */
		5FEA72C32C63B3B60063831D /* CombineBasics */ = {
			isa = PBXNativeTarget;
			buildConfigurationList = 5FEA72E82C63B3BA0063831D /* Build configuration list for PBXNativeTarget "CombineBasics" */;
			buildPhases = (
				5FEA72C02C63B3B60063831D /* Sources */,
				5FEA72C12C63B3B60063831D /* Frameworks */,
				5FEA72C22C63B3B60063831D /* Resources */,
			);
			buildRules = (
			);
			dependencies = (
			);
			name = CombineBasics;
			productName = CombineBasics;
			productReference = 5FEA72C42C63B3B60063831D /* CombineBasics.app */;
			productType = "com.apple.product-type.application";
		};
		5FEA72D32C63B3BA0063831D /* CombineBasicsTests */ = {
			isa = PBXNativeTarget;
			buildConfigurationList = 5FEA72EB2C63B3BA0063831D /* Build configuration list for PBXNativeTarget "CombineBasicsTests" */;
			buildPhases = (
				5FEA72D02C63B3BA0063831D /* Sources */,
				5FEA72D12C63B3BA0063831D /* Frameworks */,
				5FEA72D22C63B3BA0063831D /* Resources */,
			);
			buildRules = (
			);
			dependencies = (
				5FEA72D62C63B3BA0063831D /* PBXTargetDependency */,
			);
			name = CombineBasicsTests;
			productName = CombineBasicsTests;
			productReference = 5FEA72D42C63B3BA0063831D /* CombineBasicsTests.xctest */;
			productType = "com.apple.product-type.bundle.unit-test";
		};
		5FEA72DD2C63B3BA0063831D /* CombineBasicsUITests */ = {
			isa = PBXNativeTarget;
			buildConfigurationList = 5FEA72EE2C63B3BA0063831D /* Build configuration list for PBXNativeTarget "CombineBasicsUITests" */;
			buildPhases = (
				5FEA72DA2C63B3BA0063831D /* Sources */,
				5FEA72DB2C63B3BA0063831D /* Frameworks */,
				5FEA72DC2C63B3BA0063831D /* Resources */,
			);
			buildRules = (
			);
			dependencies = (
				5FEA72E02C63B3BA0063831D /* PBXTargetDependency */,
			);
			name = CombineBasicsUITests;
			productName = CombineBasicsUITests;
			productReference = 5FEA72DE2C63B3BA0063831D /* CombineBasicsUITests.xctest */;
			productType = "com.apple.product-type.bundle.ui-testing";
		};
/* End PBXNativeTarget section */

/* Begin PBXProject section */
		5FEA72BC2C63B3B50063831D /* Project object */ = {
			isa = PBXProject;
			attributes = {
				BuildIndependentTargetsInParallel = 1;
				LastSwiftUpdateCheck = 1500;
				LastUpgradeCheck = 1500;
				TargetAttributes = {
					5FEA72C32C63B3B60063831D = {
						CreatedOnToolsVersion = 15.0.1;
					};
					5FEA72D32C63B3BA0063831D = {
						CreatedOnToolsVersion = 15.0.1;
						TestTargetID = 5FEA72C32C63B3B60063831D;
					};
					5FEA72DD2C63B3BA0063831D = {
						CreatedOnToolsVersion = 15.0.1;
						TestTargetID = 5FEA72C32C63B3B60063831D;
					};
				};
			};
			buildConfigurationList = 5FEA72BF2C63B3B50063831D /* Build configuration list for PBXProject "CombineBasics" */;
			compatibilityVersion = "Xcode 14.0";
			developmentRegion = en;
			hasScannedForEncodings = 0;
			knownRegions = (
				en,
				Base,
			);
			mainGroup = 5FEA72BB2C63B3B50063831D;
			productRefGroup = 5FEA72C52C63B3B60063831D /* Products */;
			projectDirPath = "";
			projectRoot = "";
			targets = (
				5FEA72C32C63B3B60063831D /* CombineBasics */,
				5FEA72D32C63B3BA0063831D /* CombineBasicsTests */,
				5FEA72DD2C63B3BA0063831D /* CombineBasicsUITests */,
			);
		};
/* End PBXProject section */

/* Begin PBXResourcesBuildPhase section */
		5FEA72C22C63B3B60063831D /* Resources */ = {
			isa = PBXResourcesBuildPhase;
			buildActionMask = 2147483647;
			files = (
				5FEA72CF2C63B3B90063831D /* Preview Assets.xcassets in Resources */,
				5FEA72CC2C63B3B90063831D /* Assets.xcassets in Resources */,
			);
			runOnlyForDeploymentPostprocessing = 0;
		};
		5FEA72D22C63B3BA0063831D /* Resources */ = {
			isa = PBXResourcesBuildPhase;
			buildActionMask = 2147483647;
			files = (
			);
			runOnlyForDeploymentPostprocessing = 0;
		};
		5FEA72DC2C63B3BA0063831D /* Resources */ = {
			isa = PBXResourcesBuildPhase;
			buildActionMask = 2147483647;
			files = (
			);
			runOnlyForDeploymentPostprocessing = 0;
		};
/* End PBXResourcesBuildPhase section */

/* Begin PBXSourcesBuildPhase section */
		5FEA72C02C63B3B60063831D /* Sources */ = {
			isa = PBXSourcesBuildPhase;
			buildActionMask = 2147483647;
			files = (
				5FEA72F22C63B6910063831D /* CombineBasicsViewModel.swift in Sources */,
				5FEA72CA2C63B3B60063831D /* CombineBasicsView.swift in Sources */,
				5FEA72C82C63B3B60063831D /* CombineBasicsApp.swift in Sources */,
				5FEA72F72C63BFC80063831D /* PasswordError.swift in Sources */,
				5FEA72F92C63C1090063831D /* UsernameError.swift in Sources */,
			);
			runOnlyForDeploymentPostprocessing = 0;
		};
		5FEA72D02C63B3BA0063831D /* Sources */ = {
			isa = PBXSourcesBuildPhase;
			buildActionMask = 2147483647;
			files = (
				5FEA72D92C63B3BA0063831D /* CombineBasicsTests.swift in Sources */,
			);
			runOnlyForDeploymentPostprocessing = 0;
		};
		5FEA72DA2C63B3BA0063831D /* Sources */ = {
			isa = PBXSourcesBuildPhase;
			buildActionMask = 2147483647;
			files = (
				5FEA72E32C63B3BA0063831D /* CombineBasicsUITests.swift in Sources */,
				5FEA72E52C63B3BA0063831D /* CombineBasicsUITestsLaunchTests.swift in Sources */,
			);
			runOnlyForDeploymentPostprocessing = 0;
		};
/* End PBXSourcesBuildPhase section */

/* Begin PBXTargetDependency section */
		5FEA72D62C63B3BA0063831D /* PBXTargetDependency */ = {
			isa = PBXTargetDependency;
			target = 5FEA72C32C63B3B60063831D /* CombineBasics */;
			targetProxy = 5FEA72D52C63B3BA0063831D /* PBXContainerItemProxy */;
		};
		5FEA72E02C63B3BA0063831D /* PBXTargetDependency */ = {
			isa = PBXTargetDependency;
			target = 5FEA72C32C63B3B60063831D /* CombineBasics */;
			targetProxy = 5FEA72DF2C63B3BA0063831D /* PBXContainerItemProxy */;
		};
/* End PBXTargetDependency section */

/* Begin XCBuildConfiguration section */
		5FEA72E62C63B3BA0063831D /* Debug */ = {
			isa = XCBuildConfiguration;
			buildSettings = {
				ALWAYS_SEARCH_USER_PATHS = NO;
				ASSETCATALOG_COMPILER_GENERATE_SWIFT_ASSET_SYMBOL_EXTENSIONS = YES;
				CLANG_ANALYZER_NONNULL = YES;
				CLANG_ANALYZER_NUMBER_OBJECT_CONVERSION = YES_AGGRESSIVE;
				CLANG_CXX_LANGUAGE_STANDARD = "gnu++20";
				CLANG_ENABLE_MODULES = YES;
				CLANG_ENABLE_OBJC_ARC = YES;
				CLANG_ENABLE_OBJC_WEAK = YES;
				CLANG_WARN_BLOCK_CAPTURE_AUTORELEASING = YES;
				CLANG_WARN_BOOL_CONVERSION = YES;
				CLANG_WARN_COMMA = YES;
				CLANG_WARN_CONSTANT_CONVERSION = YES;
				CLANG_WARN_DEPRECATED_OBJC_IMPLEMENTATIONS = YES;
				CLANG_WARN_DIRECT_OBJC_ISA_USAGE = YES_ERROR;
				CLANG_WARN_DOCUMENTATION_COMMENTS = YES;
				CLANG_WARN_EMPTY_BODY = YES;
				CLANG_WARN_ENUM_CONVERSION = YES;
				CLANG_WARN_INFINITE_RECURSION = YES;
				CLANG_WARN_INT_CONVERSION = YES;
				CLANG_WARN_NON_LITERAL_NULL_CONVERSION = YES;
				CLANG_WARN_OBJC_IMPLICIT_RETAIN_SELF = YES;
				CLANG_WARN_OBJC_LITERAL_CONVERSION = YES;
				CLANG_WARN_OBJC_ROOT_CLASS = YES_ERROR;
				CLANG_WARN_QUOTED_INCLUDE_IN_FRAMEWORK_HEADER = YES;
				CLANG_WARN_RANGE_LOOP_ANALYSIS = YES;
				CLANG_WARN_STRICT_PROTOTYPES = YES;
				CLANG_WARN_SUSPICIOUS_MOVE = YES;
				CLANG_WARN_UNGUARDED_AVAILABILITY = YES_AGGRESSIVE;
				CLANG_WARN_UNREACHABLE_CODE = YES;
				CLANG_WARN__DUPLICATE_METHOD_MATCH = YES;
				COPY_PHASE_STRIP = NO;
				DEBUG_INFORMATION_FORMAT = dwarf;
				ENABLE_STRICT_OBJC_MSGSEND = YES;
				ENABLE_TESTABILITY = YES;
				ENABLE_USER_SCRIPT_SANDBOXING = YES;
				GCC_C_LANGUAGE_STANDARD = gnu17;
				GCC_DYNAMIC_NO_PIC = NO;
				GCC_NO_COMMON_BLOCKS = YES;
				GCC_OPTIMIZATION_LEVEL = 0;
				GCC_PREPROCESSOR_DEFINITIONS = (
					"DEBUG=1",
					"$(inherited)",
				);
				GCC_WARN_64_TO_32_BIT_CONVERSION = YES;
				GCC_WARN_ABOUT_RETURN_TYPE = YES_ERROR;
				GCC_WARN_UNDECLARED_SELECTOR = YES;
				GCC_WARN_UNINITIALIZED_AUTOS = YES_AGGRESSIVE;
				GCC_WARN_UNUSED_FUNCTION = YES;
				GCC_WARN_UNUSED_VARIABLE = YES;
				IPHONEOS_DEPLOYMENT_TARGET = 17.0;
				LOCALIZATION_PREFERS_STRING_CATALOGS = YES;
				MTL_ENABLE_DEBUG_INFO = INCLUDE_SOURCE;
				MTL_FAST_MATH = YES;
				ONLY_ACTIVE_ARCH = YES;
				SDKROOT = iphoneos;
				SWIFT_ACTIVE_COMPILATION_CONDITIONS = "DEBUG $(inherited)";
				SWIFT_OPTIMIZATION_LEVEL = "-Onone";
			};
			name = Debug;
		};
		5FEA72E72C63B3BA0063831D /* Release */ = {
			isa = XCBuildConfiguration;
			buildSettings = {
				ALWAYS_SEARCH_USER_PATHS = NO;
				ASSETCATALOG_COMPILER_GENERATE_SWIFT_ASSET_SYMBOL_EXTENSIONS = YES;
				CLANG_ANALYZER_NONNULL = YES;
				CLANG_ANALYZER_NUMBER_OBJECT_CONVERSION = YES_AGGRESSIVE;
				CLANG_CXX_LANGUAGE_STANDARD = "gnu++20";
				CLANG_ENABLE_MODULES = YES;
				CLANG_ENABLE_OBJC_ARC = YES;
				CLANG_ENABLE_OBJC_WEAK = YES;
				CLANG_WARN_BLOCK_CAPTURE_AUTORELEASING = YES;
				CLANG_WARN_BOOL_CONVERSION = YES;
				CLANG_WARN_COMMA = YES;
				CLANG_WARN_CONSTANT_CONVERSION = YES;
				CLANG_WARN_DEPRECATED_OBJC_IMPLEMENTATIONS = YES;
				CLANG_WARN_DIRECT_OBJC_ISA_USAGE = YES_ERROR;
				CLANG_WARN_DOCUMENTATION_COMMENTS = YES;
				CLANG_WARN_EMPTY_BODY = YES;
				CLANG_WARN_ENUM_CONVERSION = YES;
				CLANG_WARN_INFINITE_RECURSION = YES;
				CLANG_WARN_INT_CONVERSION = YES;
				CLANG_WARN_NON_LITERAL_NULL_CONVERSION = YES;
				CLANG_WARN_OBJC_IMPLICIT_RETAIN_SELF = YES;
				CLANG_WARN_OBJC_LITERAL_CONVERSION = YES;
				CLANG_WARN_OBJC_ROOT_CLASS = YES_ERROR;
				CLANG_WARN_QUOTED_INCLUDE_IN_FRAMEWORK_HEADER = YES;
				CLANG_WARN_RANGE_LOOP_ANALYSIS = YES;
				CLANG_WARN_STRICT_PROTOTYPES = YES;
				CLANG_WARN_SUSPICIOUS_MOVE = YES;
				CLANG_WARN_UNGUARDED_AVAILABILITY = YES_AGGRESSIVE;
				CLANG_WARN_UNREACHABLE_CODE = YES;
				CLANG_WARN__DUPLICATE_METHOD_MATCH = YES;
				COPY_PHASE_STRIP = NO;
				DEBUG_INFORMATION_FORMAT = "dwarf-with-dsym";
				ENABLE_NS_ASSERTIONS = NO;
				ENABLE_STRICT_OBJC_MSGSEND = YES;
				ENABLE_USER_SCRIPT_SANDBOXING = YES;
				GCC_C_LANGUAGE_STANDARD = gnu17;
				GCC_NO_COMMON_BLOCKS = YES;
				GCC_WARN_64_TO_32_BIT_CONVERSION = YES;
				GCC_WARN_ABOUT_RETURN_TYPE = YES_ERROR;
				GCC_WARN_UNDECLARED_SELECTOR = YES;
				GCC_WARN_UNINITIALIZED_AUTOS = YES_AGGRESSIVE;
				GCC_WARN_UNUSED_FUNCTION = YES;
				GCC_WARN_UNUSED_VARIABLE = YES;
				IPHONEOS_DEPLOYMENT_TARGET = 17.0;
				LOCALIZATION_PREFERS_STRING_CATALOGS = YES;
				MTL_ENABLE_DEBUG_INFO = NO;
				MTL_FAST_MATH = YES;
				SDKROOT = iphoneos;
				SWIFT_COMPILATION_MODE = wholemodule;
				VALIDATE_PRODUCT = YES;
			};
			name = Release;
		};
		5FEA72E92C63B3BA0063831D /* Debug */ = {
			isa = XCBuildConfiguration;
			buildSettings = {
				ASSETCATALOG_COMPILER_APPICON_NAME = AppIcon;
				ASSETCATALOG_COMPILER_GLOBAL_ACCENT_COLOR_NAME = AccentColor;
				CODE_SIGN_STYLE = Automatic;
				CURRENT_PROJECT_VERSION = 1;
				DEVELOPMENT_ASSET_PATHS = "\"CombineBasics/Preview Content\"";
				DEVELOPMENT_TEAM = 79GT4Z4BQ9;
				ENABLE_PREVIEWS = YES;
				GENERATE_INFOPLIST_FILE = YES;
				INFOPLIST_KEY_UIApplicationSceneManifest_Generation = YES;
				INFOPLIST_KEY_UIApplicationSupportsIndirectInputEvents = YES;
				INFOPLIST_KEY_UILaunchScreen_Generation = YES;
				INFOPLIST_KEY_UISupportedInterfaceOrientations_iPad = "UIInterfaceOrientationPortrait UIInterfaceOrientationPortraitUpsideDown UIInterfaceOrientationLandscapeLeft UIInterfaceOrientationLandscapeRight";
				INFOPLIST_KEY_UISupportedInterfaceOrientations_iPhone = "UIInterfaceOrientationPortrait UIInterfaceOrientationLandscapeLeft UIInterfaceOrientationLandscapeRight";
				LD_RUNPATH_SEARCH_PATHS = (
					"$(inherited)",
					"@executable_path/Frameworks",
				);
				MARKETING_VERSION = 1.0;
				PRODUCT_BUNDLE_IDENTIFIER = com.pau.CombineBasics;
				PRODUCT_NAME = "$(TARGET_NAME)";
				SWIFT_EMIT_LOC_STRINGS = YES;
				SWIFT_VERSION = 5.0;
				TARGETED_DEVICE_FAMILY = "1,2";
			};
			name = Debug;
		};
		5FEA72EA2C63B3BA0063831D /* Release */ = {
			isa = XCBuildConfiguration;
			buildSettings = {
				ASSETCATALOG_COMPILER_APPICON_NAME = AppIcon;
				ASSETCATALOG_COMPILER_GLOBAL_ACCENT_COLOR_NAME = AccentColor;
				CODE_SIGN_STYLE = Automatic;
				CURRENT_PROJECT_VERSION = 1;
				DEVELOPMENT_ASSET_PATHS = "\"CombineBasics/Preview Content\"";
				DEVELOPMENT_TEAM = 79GT4Z4BQ9;
				ENABLE_PREVIEWS = YES;
				GENERATE_INFOPLIST_FILE = YES;
				INFOPLIST_KEY_UIApplicationSceneManifest_Generation = YES;
				INFOPLIST_KEY_UIApplicationSupportsIndirectInputEvents = YES;
				INFOPLIST_KEY_UILaunchScreen_Generation = YES;
				INFOPLIST_KEY_UISupportedInterfaceOrientations_iPad = "UIInterfaceOrientationPortrait UIInterfaceOrientationPortraitUpsideDown UIInterfaceOrientationLandscapeLeft UIInterfaceOrientationLandscapeRight";
				INFOPLIST_KEY_UISupportedInterfaceOrientations_iPhone = "UIInterfaceOrientationPortrait UIInterfaceOrientationLandscapeLeft UIInterfaceOrientationLandscapeRight";
				LD_RUNPATH_SEARCH_PATHS = (
					"$(inherited)",
					"@executable_path/Frameworks",
				);
				MARKETING_VERSION = 1.0;
				PRODUCT_BUNDLE_IDENTIFIER = com.pau.CombineBasics;
				PRODUCT_NAME = "$(TARGET_NAME)";
				SWIFT_EMIT_LOC_STRINGS = YES;
				SWIFT_VERSION = 5.0;
				TARGETED_DEVICE_FAMILY = "1,2";
			};
			name = Release;
		};
		5FEA72EC2C63B3BA0063831D /* Debug */ = {
			isa = XCBuildConfiguration;
			buildSettings = {
				ALWAYS_EMBED_SWIFT_STANDARD_LIBRARIES = YES;
				BUNDLE_LOADER = "$(TEST_HOST)";
				CODE_SIGN_STYLE = Automatic;
				CURRENT_PROJECT_VERSION = 1;
				DEVELOPMENT_TEAM = 79GT4Z4BQ9;
				GENERATE_INFOPLIST_FILE = YES;
				IPHONEOS_DEPLOYMENT_TARGET = 17.0;
				MARKETING_VERSION = 1.0;
				PRODUCT_BUNDLE_IDENTIFIER = com.pau.CombineBasicsTests;
				PRODUCT_NAME = "$(TARGET_NAME)";
				SWIFT_EMIT_LOC_STRINGS = NO;
				SWIFT_VERSION = 5.0;
				TARGETED_DEVICE_FAMILY = "1,2";
				TEST_HOST = "$(BUILT_PRODUCTS_DIR)/CombineBasics.app/$(BUNDLE_EXECUTABLE_FOLDER_PATH)/CombineBasics";
			};
			name = Debug;
		};
		5FEA72ED2C63B3BA0063831D /* Release */ = {
			isa = XCBuildConfiguration;
			buildSettings = {
				ALWAYS_EMBED_SWIFT_STANDARD_LIBRARIES = YES;
				BUNDLE_LOADER = "$(TEST_HOST)";
				CODE_SIGN_STYLE = Automatic;
				CURRENT_PROJECT_VERSION = 1;
				DEVELOPMENT_TEAM = 79GT4Z4BQ9;
				GENERATE_INFOPLIST_FILE = YES;
				IPHONEOS_DEPLOYMENT_TARGET = 17.0;
				MARKETING_VERSION = 1.0;
				PRODUCT_BUNDLE_IDENTIFIER = com.pau.CombineBasicsTests;
				PRODUCT_NAME = "$(TARGET_NAME)";
				SWIFT_EMIT_LOC_STRINGS = NO;
				SWIFT_VERSION = 5.0;
				TARGETED_DEVICE_FAMILY = "1,2";
				TEST_HOST = "$(BUILT_PRODUCTS_DIR)/CombineBasics.app/$(BUNDLE_EXECUTABLE_FOLDER_PATH)/CombineBasics";
			};
			name = Release;
		};
		5FEA72EF2C63B3BA0063831D /* Debug */ = {
			isa = XCBuildConfiguration;
			buildSettings = {
				ALWAYS_EMBED_SWIFT_STANDARD_LIBRARIES = YES;
				CODE_SIGN_STYLE = Automatic;
				CURRENT_PROJECT_VERSION = 1;
				DEVELOPMENT_TEAM = 79GT4Z4BQ9;
				GENERATE_INFOPLIST_FILE = YES;
				MARKETING_VERSION = 1.0;
				PRODUCT_BUNDLE_IDENTIFIER = com.pau.CombineBasicsUITests;
				PRODUCT_NAME = "$(TARGET_NAME)";
				SWIFT_EMIT_LOC_STRINGS = NO;
				SWIFT_VERSION = 5.0;
				TARGETED_DEVICE_FAMILY = "1,2";
				TEST_TARGET_NAME = CombineBasics;
			};
			name = Debug;
		};
		5FEA72F02C63B3BA0063831D /* Release */ = {
			isa = XCBuildConfiguration;
			buildSettings = {
				ALWAYS_EMBED_SWIFT_STANDARD_LIBRARIES = YES;
				CODE_SIGN_STYLE = Automatic;
				CURRENT_PROJECT_VERSION = 1;
				DEVELOPMENT_TEAM = 79GT4Z4BQ9;
				GENERATE_INFOPLIST_FILE = YES;
				MARKETING_VERSION = 1.0;
				PRODUCT_BUNDLE_IDENTIFIER = com.pau.CombineBasicsUITests;
				PRODUCT_NAME = "$(TARGET_NAME)";
				SWIFT_EMIT_LOC_STRINGS = NO;
				SWIFT_VERSION = 5.0;
				TARGETED_DEVICE_FAMILY = "1,2";
				TEST_TARGET_NAME = CombineBasics;
			};
			name = Release;
		};
/* End XCBuildConfiguration section */

/* Begin XCConfigurationList section */
		5FEA72BF2C63B3B50063831D /* Build configuration list for PBXProject "CombineBasics" */ = {
			isa = XCConfigurationList;
			buildConfigurations = (
				5FEA72E62C63B3BA0063831D /* Debug */,
				5FEA72E72C63B3BA0063831D /* Release */,
			);
			defaultConfigurationIsVisible = 0;
			defaultConfigurationName = Release;
		};
		5FEA72E82C63B3BA0063831D /* Build configuration list for PBXNativeTarget "CombineBasics" */ = {
			isa = XCConfigurationList;
			buildConfigurations = (
				5FEA72E92C63B3BA0063831D /* Debug */,
				5FEA72EA2C63B3BA0063831D /* Release */,
			);
			defaultConfigurationIsVisible = 0;
			defaultConfigurationName = Release;
		};
		5FEA72EB2C63B3BA0063831D /* Build configuration list for PBXNativeTarget "CombineBasicsTests" */ = {
			isa = XCConfigurationList;
			buildConfigurations = (
				5FEA72EC2C63B3BA0063831D /* Debug */,
				5FEA72ED2C63B3BA0063831D /* Release */,
			);
			defaultConfigurationIsVisible = 0;
			defaultConfigurationName = Release;
		};
		5FEA72EE2C63B3BA0063831D /* Build configuration list for PBXNativeTarget "CombineBasicsUITests" */ = {
			isa = XCConfigurationList;
			buildConfigurations = (
				5FEA72EF2C63B3BA0063831D /* Debug */,
				5FEA72F02C63B3BA0063831D /* Release */,
			);
			defaultConfigurationIsVisible = 0;
			defaultConfigurationName = Release;
		};
/* End XCConfigurationList section */
	};
	rootObject = 5FEA72BC2C63B3B50063831D /* Project object */;
}
